
Microsoft Visual Studio Solution File, Format Version 12.00
# Visual Studio Version 17
VisualStudioVersion = 17.1.32319.34
MinimumVisualStudioVersion = 10.0.40219.1
Project("{FAE04EC0-301F-11D3-BF4B-00C04F79EFBC}") = "JWT", "JWT\JWT.csproj", "{55F48C8B-E2CC-43D6-A72A-936BB09000D9}"
EndProject
Project("{FAE04EC0-301F-11D3-BF4B-00C04F79EFBC}") = "JWT.Application", "JWT.Application\JWT.Application.csproj", "{F05361B5-DB6C-4D6C-B1F8-4F7C33521580}"
EndProject
Global
	GlobalSection(SolutionConfigurationPlatforms) = preSolution
		Debug|Any CPU = Debug|Any CPU
		Release|Any CPU = Release|Any CPU
	EndGlobalSection
	GlobalSection(ProjectConfigurationPlatforms) = postSolution
		{55F48C8B-E2CC-43D6-A72A-936BB09000D9}.Debug|Any CPU.ActiveCfg = Debug|Any CPU
		{55F48C8B-E2CC-43D6-A72A-936BB09000D9}.Debug|Any CPU.Build.0 = Debug|Any CPU
		{55F48C8B-E2CC-43D6-A72A-936BB09000D9}.Release|Any CPU.ActiveCfg = Release|Any CPU
		{55F48C8B-E2CC-43D6-A72A-936BB09000D9}.Release|Any CPU.Build.0 = Release|Any CPU
		{F05361B5-DB6C-4D6C-B1F8-4F7C33521580}.Debug|Any CPU.ActiveCfg = Debug|Any CPU
		{F05361B5-DB6C-4D6C-B1F8-4F7C33521580}.Debug|Any CPU.Build.0 = Debug|Any CPU
		{F05361B5-DB6C-4D6C-B1F8-4F7C33521580}.Release|Any CPU.ActiveCfg = Release|Any CPU
		{F05361B5-DB6C-4D6C-B1F8-4F7C33521580}.Release|Any CPU.Build.0 = Release|Any CPU
	EndGlobalSection
	GlobalSection(SolutionProperties) = preSolution
		HideSolutionNode = FALSE
	EndGlobalSection
	GlobalSection(ExtensibilityGlobals) = postSolution
		SolutionGuid = {95D23C49-6712-408D-A0D9-BDE584C908B8}
	EndGlobalSection
EndGlobal
